// !$*UTF8*$!
{
	archiveVersion = 1;
	classes = {
	};
	objectVersion = 46;
	objects = {

/* Begin PBXBuildFile section */
		AC20FB211AB0D6E40054902A /* ClockViewController.m in Sources */ = {isa = PBXBuildFile; fileRef = AC20FB201AB0D6E40054902A /* ClockViewController.m */; };
		ACB0F84F1A30F45100582142 /* snow-man.png in Resources */ = {isa = PBXBuildFile; fileRef = ACB0F84E1A30F45100582142 /* snow-man.png */; };
		ACB0F8511A30F74000582142 /* SpriteSheet.png in Resources */ = {isa = PBXBuildFile; fileRef = ACB0F8501A30F74000582142 /* SpriteSheet.png */; };
		ACB0F8531A30FA0600582142 /* 4sprites.jpg in Resources */ = {isa = PBXBuildFile; fileRef = ACB0F8521A30FA0600582142 /* 4sprites.jpg */; };
		ACB0F8551A30FA6E00582142 /* orig.png in Resources */ = {isa = PBXBuildFile; fileRef = ACB0F8541A30FA6E00582142 /* orig.png */; };
		ACB0F8571A30FFFA00582142 /* button.png in Resources */ = {isa = PBXBuildFile; fileRef = ACB0F8561A30FFFA00582142 /* button.png */; };
		ACD769521B264E7500484E88 /* clockface_numbers01.gif in Resources */ = {isa = PBXBuildFile; fileRef = ACD769511B264E7500484E88 /* clockface_numbers01.gif */; };
		ACEA204D1A004B77002B42D0 /* main.m in Sources */ = {isa = PBXBuildFile; fileRef = ACEA204C1A004B77002B42D0 /* main.m */; };
		ACEA20501A004B77002B42D0 /* AppDelegate.m in Sources */ = {isa = PBXBuildFile; fileRef = ACEA204F1A004B77002B42D0 /* AppDelegate.m */; };
		ACEA20531A004B77002B42D0 /* ViewController.m in Sources */ = {isa = PBXBuildFile; fileRef = ACEA20521A004B77002B42D0 /* ViewController.m */; };
		ACEA20561A004B77002B42D0 /* Main.storyboard in Resources */ = {isa = PBXBuildFile; fileRef = ACEA20541A004B77002B42D0 /* Main.storyboard */; };
		ACEA20581A004B77002B42D0 /* Images.xcassets in Resources */ = {isa = PBXBuildFile; fileRef = ACEA20571A004B77002B42D0 /* Images.xcassets */; };
		ACEA205B1A004B77002B42D0 /* LaunchScreen.xib in Resources */ = {isa = PBXBuildFile; fileRef = ACEA20591A004B77002B42D0 /* LaunchScreen.xib */; };
		ACEA20671A004B77002B42D0 /* CoreAnimationBookTestTests.m in Sources */ = {isa = PBXBuildFile; fileRef = ACEA20661A004B77002B42D0 /* CoreAnimationBookTestTests.m */; };
/* End PBXBuildFile section */

/* Begin PBXContainerItemProxy section */
		ACEA20611A004B77002B42D0 /* PBXContainerItemProxy */ = {
			isa = PBXContainerItemProxy;
			containerPortal = ACEA203F1A004B77002B42D0 /* Project object */;
			proxyType = 1;
			remoteGlobalIDString = ACEA20461A004B77002B42D0;
			remoteInfo = CoreAnimationBookTest;
		};
/* End PBXContainerItemProxy section */

/* Begin PBXFileReference section */
		AC20FB1F1AB0D6E40054902A /* ClockViewController.h */ = {isa = PBXFileReference; fileEncoding = 4; lastKnownFileType = sourcecode.c.h; path = ClockViewController.h; sourceTree = "<group>"; };
		AC20FB201AB0D6E40054902A /* ClockViewController.m */ = {isa = PBXFileReference; fileEncoding = 4; lastKnownFileType = sourcecode.c.objc; path = ClockViewController.m; sourceTree = "<group>"; };
		ACB0F84E1A30F45100582142 /* snow-man.png */ = {isa = PBXFileReference; lastKnownFileType = image.png; path = "snow-man.png"; sourceTree = "<group>"; };
		ACB0F8501A30F74000582142 /* SpriteSheet.png */ = {isa = PBXFileReference; lastKnownFileType = image.png; path = SpriteSheet.png; sourceTree = "<group>"; };
		ACB0F8521A30FA0600582142 /* 4sprites.jpg */ = {isa = PBXFileReference; lastKnownFileType = image.jpeg; path = 4sprites.jpg; sourceTree = "<group>"; };
		ACB0F8541A30FA6E00582142 /* orig.png */ = {isa = PBXFileReference; lastKnownFileType = image.png; path = orig.png; sourceTree = "<group>"; };
		ACB0F8561A30FFFA00582142 /* button.png */ = {isa = PBXFileReference; lastKnownFileType = image.png; path = button.png; sourceTree = "<group>"; };
		ACD769511B264E7500484E88 /* clockface_numbers01.gif */ = {isa = PBXFileReference; lastKnownFileType = image.gif; path = clockface_numbers01.gif; sourceTree = "<group>"; };
		ACEA20471A004B77002B42D0 /* CoreAnimationBookTest.app */ = {isa = PBXFileReference; explicitFileType = wrapper.application; includeInIndex = 0; path = CoreAnimationBookTest.app; sourceTree = BUILT_PRODUCTS_DIR; };
		ACEA204B1A004B77002B42D0 /* Info.plist */ = {isa = PBXFileReference; lastKnownFileType = text.plist.xml; path = Info.plist; sourceTree = "<group>"; };
		ACEA204C1A004B77002B42D0 /* main.m */ = {isa = PBXFileReference; lastKnownFileType = sourcecode.c.objc; path = main.m; sourceTree = "<group>"; };
		ACEA204E1A004B77002B42D0 /* AppDelegate.h */ = {isa = PBXFileReference; lastKnownFileType = sourcecode.c.h; path = AppDelegate.h; sourceTree = "<group>"; };
		ACEA204F1A004B77002B42D0 /* AppDelegate.m */ = {isa = PBXFileReference; lastKnownFileType = sourcecode.c.objc; path = AppDelegate.m; sourceTree = "<group>"; };
		ACEA20511A004B77002B42D0 /* ViewController.h */ = {isa = PBXFileReference; lastKnownFileType = sourcecode.c.h; path = ViewController.h; sourceTree = "<group>"; };
		ACEA20521A004B77002B42D0 /* ViewController.m */ = {isa = PBXFileReference; lastKnownFileType = sourcecode.c.objc; path = ViewController.m; sourceTree = "<group>"; };
		ACEA20551A004B77002B42D0 /* Base */ = {isa = PBXFileReference; lastKnownFileType = file.storyboard; name = Base; path = Base.lproj/Main.storyboard; sourceTree = "<group>"; };
		ACEA20571A004B77002B42D0 /* Images.xcassets */ = {isa = PBXFileReference; lastKnownFileType = folder.assetcatalog; path = Images.xcassets; sourceTree = "<group>"; };
		ACEA205A1A004B77002B42D0 /* Base */ = {isa = PBXFileReference; lastKnownFileType = file.xib; name = Base; path = Base.lproj/LaunchScreen.xib; sourceTree = "<group>"; };
		ACEA20601A004B77002B42D0 /* CoreAnimationBookTestTests.xctest */ = {isa = PBXFileReference; explicitFileType = wrapper.cfbundle; includeInIndex = 0; path = CoreAnimationBookTestTests.xctest; sourceTree = BUILT_PRODUCTS_DIR; };
		ACEA20651A004B77002B42D0 /* Info.plist */ = {isa = PBXFileReference; lastKnownFileType = text.plist.xml; path = Info.plist; sourceTree = "<group>"; };
		ACEA20661A004B77002B42D0 /* CoreAnimationBookTestTests.m */ = {isa = PBXFileReference; lastKnownFileType = sourcecode.c.objc; path = CoreAnimationBookTestTests.m; sourceTree = "<group>"; };
/* End PBXFileReference section */

/* Begin PBXFrameworksBuildPhase section */
		ACEA20441A004B77002B42D0 /* Frameworks */ = {
			isa = PBXFrameworksBuildPhase;
			buildActionMask = 2147483647;
			files = (
			);
			runOnlyForDeploymentPostprocessing = 0;
		};
		ACEA205D1A004B77002B42D0 /* Frameworks */ = {
			isa = PBXFrameworksBuildPhase;
			buildActionMask = 2147483647;
			files = (
			);
			runOnlyForDeploymentPostprocessing = 0;
		};
/* End PBXFrameworksBuildPhase section */

/* Begin PBXGroup section */
		ACEA203E1A004B77002B42D0 = {
			isa = PBXGroup;
			children = (
				ACEA20491A004B77002B42D0 /* CoreAnimationBookTest */,
				ACEA20631A004B77002B42D0 /* CoreAnimationBookTestTests */,
				ACEA20481A004B77002B42D0 /* Products */,
			);
			sourceTree = "<group>";
		};
		ACEA20481A004B77002B42D0 /* Products */ = {
			isa = PBXGroup;
			children = (
				ACEA20471A004B77002B42D0 /* CoreAnimationBookTest.app */,
				ACEA20601A004B77002B42D0 /* CoreAnimationBookTestTests.xctest */,
			);
			name = Products;
			sourceTree = "<group>";
		};
		ACEA20491A004B77002B42D0 /* CoreAnimationBookTest */ = {
			isa = PBXGroup;
			children = (
				ACEA204E1A004B77002B42D0 /* AppDelegate.h */,
				ACEA204F1A004B77002B42D0 /* AppDelegate.m */,
				ACEA20511A004B77002B42D0 /* ViewController.h */,
				ACEA20521A004B77002B42D0 /* ViewController.m */,
				ACEA20541A004B77002B42D0 /* Main.storyboard */,
				AC20FB1F1AB0D6E40054902A /* ClockViewController.h */,
				AC20FB201AB0D6E40054902A /* ClockViewController.m */,
				ACD769511B264E7500484E88 /* clockface_numbers01.gif */,
				ACEA20571A004B77002B42D0 /* Images.xcassets */,
				ACEA20591A004B77002B42D0 /* LaunchScreen.xib */,
				ACEA204A1A004B77002B42D0 /* Supporting Files */,
			);
			path = CoreAnimationBookTest;
			sourceTree = "<group>";
		};
		ACEA204A1A004B77002B42D0 /* Supporting Files */ = {
			isa = PBXGroup;
			children = (
				ACB0F8561A30FFFA00582142 /* button.png */,
				ACB0F8541A30FA6E00582142 /* orig.png */,
				ACB0F8521A30FA0600582142 /* 4sprites.jpg */,
				ACB0F8501A30F74000582142 /* SpriteSheet.png */,
				ACB0F84E1A30F45100582142 /* snow-man.png */,
				ACEA204B1A004B77002B42D0 /* Info.plist */,
				ACEA204C1A004B77002B42D0 /* main.m */,
			);
			name = "Supporting Files";
			sourceTree = "<group>";
		};
		ACEA20631A004B77002B42D0 /* CoreAnimationBookTestTests */ = {
			isa = PBXGroup;
			children = (
				ACEA20661A004B77002B42D0 /* CoreAnimationBookTestTests.m */,
				ACEA20641A004B77002B42D0 /* Supporting Files */,
			);
			path = CoreAnimationBookTestTests;
			sourceTree = "<group>";
		};
		ACEA20641A004B77002B42D0 /* Supporting Files */ = {
			isa = PBXGroup;
			children = (
				ACEA20651A004B77002B42D0 /* Info.plist */,
			);
			name = "Supporting Files";
			sourceTree = "<group>";
		};
/* End PBXGroup section */

/* Begin PBXNativeTarget section */
		ACEA20461A004B77002B42D0 /* CoreAnimationBookTest */ = {
			isa = PBXNativeTarget;
			buildConfigurationList = ACEA206A1A004B77002B42D0 /* Build configuration list for PBXNativeTarget "CoreAnimationBookTest" */;
			buildPhases = (
				ACEA20431A004B77002B42D0 /* Sources */,
				ACEA20441A004B77002B42D0 /* Frameworks */,
				ACEA20451A004B77002B42D0 /* Resources */,
			);
			buildRules = (
			);
			dependencies = (
			);
			name = CoreAnimationBookTest;
			productName = CoreAnimationBookTest;
			productReference = ACEA20471A004B77002B42D0 /* CoreAnimationBookTest.app */;
			productType = "com.apple.product-type.application";
		};
		ACEA205F1A004B77002B42D0 /* CoreAnimationBookTestTests */ = {
			isa = PBXNativeTarget;
			buildConfigurationList = ACEA206D1A004B77002B42D0 /* Build configuration list for PBXNativeTarget "CoreAnimationBookTestTests" */;
			buildPhases = (
				ACEA205C1A004B77002B42D0 /* Sources */,
				ACEA205D1A004B77002B42D0 /* Frameworks */,
				ACEA205E1A004B77002B42D0 /* Resources */,
			);
			buildRules = (
			);
			dependencies = (
				ACEA20621A004B77002B42D0 /* PBXTargetDependency */,
			);
			name = CoreAnimationBookTestTests;
			productName = CoreAnimationBookTestTests;
			productReference = ACEA20601A004B77002B42D0 /* CoreAnimationBookTestTests.xctest */;
			productType = "com.apple.product-type.bundle.unit-test";
		};
/* End PBXNativeTarget section */

/* Begin PBXProject section */
		ACEA203F1A004B77002B42D0 /* Project object */ = {
			isa = PBXProject;
			attributes = {
				LastUpgradeCheck = 0610;
				ORGANIZATIONNAME = "Mendy Krinsky";
				TargetAttributes = {
					ACEA20461A004B77002B42D0 = {
						CreatedOnToolsVersion = 6.1;
					};
					ACEA205F1A004B77002B42D0 = {
						CreatedOnToolsVersion = 6.1;
						TestTargetID = ACEA20461A004B77002B42D0;
					};
				};
			};
			buildConfigurationList = ACEA20421A004B77002B42D0 /* Build configuration list for PBXProject "CoreAnimationBookTest" */;
			compatibilityVersion = "Xcode 3.2";
			developmentRegion = English;
			hasScannedForEncodings = 0;
			knownRegions = (
				en,
				Base,
			);
			mainGroup = ACEA203E1A004B77002B42D0;
			productRefGroup = ACEA20481A004B77002B42D0 /* Products */;
			projectDirPath = "";
			projectRoot = "";
			targets = (
				ACEA20461A004B77002B42D0 /* CoreAnimationBookTest */,
				ACEA205F1A004B77002B42D0 /* CoreAnimationBookTestTests */,
			);
		};
/* End PBXProject section */

/* Begin PBXResourcesBuildPhase section */
		ACEA20451A004B77002B42D0 /* Resources */ = {
			isa = PBXResourcesBuildPhase;
			buildActionMask = 2147483647;
			files = (
				ACEA20561A004B77002B42D0 /* Main.storyboard in Resources */,
				ACB0F8571A30FFFA00582142 /* button.png in Resources */,
				ACB0F8531A30FA0600582142 /* 4sprites.jpg in Resources */,
				ACB0F8511A30F74000582142 /* SpriteSheet.png in Resources */,
				ACD769521B264E7500484E88 /* clockface_numbers01.gif in Resources */,
				ACB0F84F1A30F45100582142 /* snow-man.png in Resources */,
				ACEA205B1A004B77002B42D0 /* LaunchScreen.xib in Resources */,
				ACEA20581A004B77002B42D0 /* Images.xcassets in Resources */,
				ACB0F8551A30FA6E00582142 /* orig.png in Resources */,
			);
			runOnlyForDeploymentPostprocessing = 0;
		};
		ACEA205E1A004B77002B42D0 /* Resources */ = {
			isa = PBXResourcesBuildPhase;
			buildActionMask = 2147483647;
			files = (
			);
			runOnlyForDeploymentPostprocessing = 0;
		};
/* End PBXResourcesBuildPhase section */

/* Begin PBXSourcesBuildPhase section */
		ACEA20431A004B77002B42D0 /* Sources */ = {
			isa = PBXSourcesBuildPhase;
			buildActionMask = 2147483647;
			files = (
				ACEA20531A004B77002B42D0 /* ViewController.m in Sources */,
				ACEA20501A004B77002B42D0 /* AppDelegate.m in Sources */,
				ACEA204D1A004B77002B42D0 /* main.m in Sources */,
				AC20FB211AB0D6E40054902A /* ClockViewController.m in Sources */,
			);
			runOnlyForDeploymentPostprocessing = 0;
		};
		ACEA205C1A004B77002B42D0 /* Sources */ = {
			isa = PBXSourcesBuildPhase;
			buildActionMask = 2147483647;
			files = (
				ACEA20671A004B77002B42D0 /* CoreAnimationBookTestTests.m in Sources */,
			);
			runOnlyForDeploymentPostprocessing = 0;
		};
/* End PBXSourcesBuildPhase section */

/* Begin PBXTargetDependency section */
		ACEA20621A004B77002B42D0 /* PBXTargetDependency */ = {
			isa = PBXTargetDependency;
			target = ACEA20461A004B77002B42D0 /* CoreAnimationBookTest */;
			targetProxy = ACEA20611A004B77002B42D0 /* PBXContainerItemProxy */;
		};
/* End PBXTargetDependency section */

/* Begin PBXVariantGroup section */
		ACEA20541A004B77002B42D0 /* Main.storyboard */ = {
			isa = PBXVariantGroup;
			children = (
				ACEA20551A004B77002B42D0 /* Base */,
			);
			name = Main.storyboard;
			sourceTree = "<group>";
		};
		ACEA20591A004B77002B42D0 /* LaunchScreen.xib */ = {
			isa = PBXVariantGroup;
			children = (
				ACEA205A1A004B77002B42D0 /* Base */,
			);
			name = LaunchScreen.xib;
			sourceTree = "<group>";
		};
/* End PBXVariantGroup section */

/* Begin XCBuildConfiguration section */
		ACEA20681A004B77002B42D0 /* Debug */ = {
			isa = XCBuildConfiguration;
			buildSettings = {
				ALWAYS_SEARCH_USER_PATHS = NO;
				CLANG_CXX_LANGUAGE_STANDARD = "gnu++0x";
				CLANG_CXX_LIBRARY = "libc++";
				CLANG_ENABLE_MODULES = YES;
				CLANG_ENABLE_OBJC_ARC = YES;
				CLANG_WARN_BOOL_CONVERSION = YES;
				CLANG_WARN_CONSTANT_CONVERSION = YES;
				CLANG_WARN_DIRECT_OBJC_ISA_USAGE = YES_ERROR;
				CLANG_WARN_EMPTY_BODY = YES;
				CLANG_WARN_ENUM_CONVERSION = YES;
				CLANG_WARN_INT_CONVERSION = YES;
				CLANG_WARN_OBJC_ROOT_CLASS = YES_ERROR;
				CLANG_WARN_UNREACHABLE_CODE = YES;
				CLANG_WARN__DUPLICATE_METHOD_MATCH = YES;
				"CODE_SIGN_IDENTITY[sdk=iphoneos*]" = "iPhone Developer";
				COPY_PHASE_STRIP = NO;
				ENABLE_STRICT_OBJC_MSGSEND = YES;
				GCC_C_LANGUAGE_STANDARD = gnu99;
				GCC_DYNAMIC_NO_PIC = NO;
				GCC_OPTIMIZATION_LEVEL = 0;
				GCC_PREPROCESSOR_DEFINITIONS = (
					"DEBUG=1",
					"$(inherited)",
				);
				GCC_SYMBOLS_PRIVATE_EXTERN = NO;
				GCC_WARN_64_TO_32_BIT_CONVERSION = YES;
				GCC_WARN_ABOUT_RETURN_TYPE = YES_ERROR;
				GCC_WARN_UNDECLARED_SELECTOR = YES;
				GCC_WARN_UNINITIALIZED_AUTOS = YES_AGGRESSIVE;
				GCC_WARN_UNUSED_FUNCTION = YES;
				GCC_WARN_UNUSED_VARIABLE = YES;
				IPHONEOS_DEPLOYMENT_TARGET = 8.1;
				MTL_ENABLE_DEBUG_INFO = YES;
				ONLY_ACTIVE_ARCH = YES;
				SDKROOT = iphoneos;
			};
			name = Debug;
		};
		ACEA20691A004B77002B42D0 /* Release */ = {
			isa = XCBuildConfiguration;
			buildSettings = {
				ALWAYS_SEARCH_USER_PATHS = NO;
				CLANG_CXX_LANGUAGE_STANDARD = "gnu++0x";
				CLANG_CXX_LIBRARY = "libc++";
				CLANG_ENABLE_MODULES = YES;
				CLANG_ENABLE_OBJC_ARC = YES;
				CLANG_WARN_BOOL_CONVERSION = YES;
				CLANG_WARN_CONSTANT_CONVERSION = YES;
				CLANG_WARN_DIRECT_OBJC_ISA_USAGE = YES_ERROR;
				CLANG_WARN_EMPTY_BODY = YES;
				CLANG_WARN_ENUM_CONVERSION = YES;
				CLANG_WARN_INT_CONVERSION = YES;
				CLANG_WARN_OBJC_ROOT_CLASS = YES_ERROR;
				CLANG_WARN_UNREACHABLE_CODE = YES;
				CLANG_WARN__DUPLICATE_METHOD_MATCH = YES;
				"CODE_SIGN_IDENTITY[sdk=iphoneos*]" = "iPhone Developer";
				COPY_PHASE_STRIP = YES;
				ENABLE_NS_ASSERTIONS = NO;
				ENABLE_STRICT_OBJC_MSGSEND = YES;
				GCC_C_LANGUAGE_STANDARD = gnu99;
				GCC_WARN_64_TO_32_BIT_CONVERSION = YES;
				GCC_WARN_ABOUT_RETURN_TYPE = YES_ERROR;
				GCC_WARN_UNDECLARED_SELECTOR = YES;
				GCC_WARN_UNINITIALIZED_AUTOS = YES_AGGRESSIVE;
				GCC_WARN_UNUSED_FUNCTION = YES;
				GCC_WARN_UNUSED_VARIABLE = YES;
				IPHONEOS_DEPLOYMENT_TARGET = 8.1;
				MTL_ENABLE_DEBUG_INFO = NO;
				SDKROOT = iphoneos;
				VALIDATE_PRODUCT = YES;
			};
			name = Release;
		};
		ACEA206B1A004B77002B42D0 /* Debug */ = {
			isa = XCBuildConfiguration;
			buildSettings = {
				ASSETCATALOG_COMPILER_APPICON_NAME = AppIcon;
				INFOPLIST_FILE = CoreAnimationBookTest/Info.plist;
				LD_RUNPATH_SEARCH_PATHS = "$(inherited) @executable_path/Frameworks";
				PRODUCT_NAME = "$(TARGET_NAME)";
			};
			name = Debug;
		};
		ACEA206C1A004B77002B42D0 /* Release */ = {
			isa = XCBuildConfiguration;
			buildSettings = {
				ASSETCATALOG_COMPILER_APPICON_NAME = AppIcon;
				INFOPLIST_FILE = CoreAnimationBookTest/Info.plist;
				LD_RUNPATH_SEARCH_PATHS = "$(inherited) @executable_path/Frameworks";
				PRODUCT_NAME = "$(TARGET_NAME)";
			};
			name = Release;
		};
		ACEA206E1A004B77002B42D0 /* Debug */ = {
			isa = XCBuildConfiguration;
			buildSettings = {
				BUNDLE_LOADER = "$(TEST_HOST)";
				FRAMEWORK_SEARCH_PATHS = (
					"$(SDKROOT)/Developer/Library/Frameworks",
					"$(inherited)",
				);
				GCC_PREPROCESSOR_DEFINITIONS = (
					"DEBUG=1",
					"$(inherited)",
				);
				INFOPLIST_FILE = CoreAnimationBookTestTests/Info.plist;
				LD_RUNPATH_SEARCH_PATHS = "$(inherited) @executable_path/Frameworks @loader_path/Frameworks";
				PRODUCT_NAME = "$(TARGET_NAME)";
				TEST_HOST = "$(BUILT_PRODUCTS_DIR)/CoreAnimationBookTest.app/CoreAnimationBookTest";
			};
			name = Debug;
		};
		ACEA206F1A004B77002B42D0 /* Release */ = {
			isa = XCBuildConfiguration;
			buildSettings = {
				BUNDLE_LOADER = "$(TEST_HOST)";
				FRAMEWORK_SEARCH_PATHS = (
					"$(SDKROOT)/Developer/Library/Frameworks",
					"$(inherited)",
				);
				INFOPLIST_FILE = CoreAnimationBookTestTests/Info.plist;
				LD_RUNPATH_SEARCH_PATHS = "$(inherited) @executable_path/Frameworks @loader_path/Frameworks";
				PRODUCT_NAME = "$(TARGET_NAME)";
				TEST_HOST = "$(BUILT_PRODUCTS_DIR)/CoreAnimationBookTest.app/CoreAnimationBookTest";
			};
			name = Release;
		};
/* End XCBuildConfiguration section */

/* Begin XCConfigurationList section */
		ACEA20421A004B77002B42D0 /* Build configuration list for PBXProject "CoreAnimationBookTest" */ = {
			isa = XCConfigurationList;
			buildConfigurations = (
				ACEA20681A004B77002B42D0 /* Debug */,
				ACEA20691A004B77002B42D0 /* Release */,
			);
			defaultConfigurationIsVisible = 0;
			defaultConfigurationName = Release;
		};
		ACEA206A1A004B77002B42D0 /* Build configuration list for PBXNativeTarget "CoreAnimationBookTest" */ = {
			isa = XCConfigurationList;
			buildConfigurations = (
				ACEA206B1A004B77002B42D0 /* Debug */,
				ACEA206C1A004B77002B42D0 /* Release */,
			);
			defaultConfigurationIsVisible = 0;
			defaultConfigurationName = Release;
		};
		ACEA206D1A004B77002B42D0 /* Build configuration list for PBXNativeTarget "CoreAnimationBookTestTests" */ = {
			isa = XCConfigurationList;
			buildConfigurations = (
				ACEA206E1A004B77002B42D0 /* Debug */,
				ACEA206F1A004B77002B42D0 /* Release */,
			);
			defaultConfigurationIsVisible = 0;
			defaultConfigurationName = Release;
		};
/* End XCConfigurationList section */
	};
	rootObject = ACEA203F1A004B77002B42D0 /* Project object */;
}
